// !$*UTF8*$!
{
	archiveVersion = 1;
	classes = {
	};
	objectVersion = 56;
	objects = {

/* Begin PBXBuildFile section */
		9222DCC1291B6EC200A8FD87 /* MapKitWithSwiftUIApp.swift in Sources */ = {isa = PBXBuildFile; fileRef = 9222DCC0291B6EC200A8FD87 /* MapKitWithSwiftUIApp.swift */; };
		9222DCC3291B6EC200A8FD87 /* ContentView.swift in Sources */ = {isa = PBXBuildFile; fileRef = 9222DCC2291B6EC200A8FD87 /* ContentView.swift */; };
		9222DCC5291B6EC400A8FD87 /* Assets.xcassets in Resources */ = {isa = PBXBuildFile; fileRef = 9222DCC4291B6EC400A8FD87 /* Assets.xcassets */; };
		9222DCC8291B6EC400A8FD87 /* Preview Assets.xcassets in Resources */ = {isa = PBXBuildFile; fileRef = 9222DCC7291B6EC400A8FD87 /* Preview Assets.xcassets */; };
		92998CD3291CFA3400B44B57 /* StartAndEndPointsView.swift in Sources */ = {isa = PBXBuildFile; fileRef = 92998CD2291CFA3400B44B57 /* StartAndEndPointsView.swift */; };
		92998CD7291D058400B44B57 /* FindingAddressTextFieldView.swift in Sources */ = {isa = PBXBuildFile; fileRef = 92998CD6291D058400B44B57 /* FindingAddressTextFieldView.swift */; };
		92998CD9291D276C00B44B57 /* FindTextFieldWithButtonsView.swift in Sources */ = {isa = PBXBuildFile; fileRef = 92998CD8291D276C00B44B57 /* FindTextFieldWithButtonsView.swift */; };
		92998CDB291D2C1600B44B57 /* FoundedItemsListView.swift in Sources */ = {isa = PBXBuildFile; fileRef = 92998CDA291D2C1600B44B57 /* FoundedItemsListView.swift */; };
		92C01F2B291C054C00B3FA12 /* MapView.swift in Sources */ = {isa = PBXBuildFile; fileRef = 92C01F2A291C054C00B3FA12 /* MapView.swift */; };
		92C01F2D291C05F500B3FA12 /* CoordinateGetHelper.swift in Sources */ = {isa = PBXBuildFile; fileRef = 92C01F2C291C05F500B3FA12 /* CoordinateGetHelper.swift */; };
/* End PBXBuildFile section */

/* Begin PBXFileReference section */
		9222DCBD291B6EC200A8FD87 /* MapKitWithSwiftUI.app */ = {isa = PBXFileReference; explicitFileType = wrapper.application; includeInIndex = 0; path = MapKitWithSwiftUI.app; sourceTree = BUILT_PRODUCTS_DIR; };
		9222DCC0291B6EC200A8FD87 /* MapKitWithSwiftUIApp.swift */ = {isa = PBXFileReference; lastKnownFileType = sourcecode.swift; path = MapKitWithSwiftUIApp.swift; sourceTree = "<group>"; };
		9222DCC2291B6EC200A8FD87 /* ContentView.swift */ = {isa = PBXFileReference; lastKnownFileType = sourcecode.swift; path = ContentView.swift; sourceTree = "<group>"; };
		9222DCC4291B6EC400A8FD87 /* Assets.xcassets */ = {isa = PBXFileReference; lastKnownFileType = folder.assetcatalog; path = Assets.xcassets; sourceTree = "<group>"; };
		9222DCC7291B6EC400A8FD87 /* Preview Assets.xcassets */ = {isa = PBXFileReference; lastKnownFileType = folder.assetcatalog; path = "Preview Assets.xcassets"; sourceTree = "<group>"; };
		92998CD2291CFA3400B44B57 /* StartAndEndPointsView.swift */ = {isa = PBXFileReference; lastKnownFileType = sourcecode.swift; path = StartAndEndPointsView.swift; sourceTree = "<group>"; };
		92998CD6291D058400B44B57 /* FindingAddressTextFieldView.swift */ = {isa = PBXFileReference; lastKnownFileType = sourcecode.swift; path = FindingAddressTextFieldView.swift; sourceTree = "<group>"; };
		92998CD8291D276C00B44B57 /* FindTextFieldWithButtonsView.swift */ = {isa = PBXFileReference; lastKnownFileType = sourcecode.swift; path = FindTextFieldWithButtonsView.swift; sourceTree = "<group>"; };
		92998CDA291D2C1600B44B57 /* FoundedItemsListView.swift */ = {isa = PBXFileReference; lastKnownFileType = sourcecode.swift; path = FoundedItemsListView.swift; sourceTree = "<group>"; };
		92C01F2A291C054C00B3FA12 /* MapView.swift */ = {isa = PBXFileReference; lastKnownFileType = sourcecode.swift; path = MapView.swift; sourceTree = "<group>"; };
		92C01F2C291C05F500B3FA12 /* CoordinateGetHelper.swift */ = {isa = PBXFileReference; lastKnownFileType = sourcecode.swift; path = CoordinateGetHelper.swift; sourceTree = "<group>"; };
/* End PBXFileReference section */

/* Begin PBXFrameworksBuildPhase section */
		9222DCBA291B6EC200A8FD87 /* Frameworks */ = {
			isa = PBXFrameworksBuildPhase;
			buildActionMask = 2147483647;
			files = (
			);
			runOnlyForDeploymentPostprocessing = 0;
		};
/* End PBXFrameworksBuildPhase section */

/* Begin PBXGroup section */
		9222DCB4291B6EC200A8FD87 = {
			isa = PBXGroup;
			children = (
				9222DCBF291B6EC200A8FD87 /* MapKitWithSwiftUI */,
				9222DCBE291B6EC200A8FD87 /* Products */,
			);
			sourceTree = "<group>";
		};
		9222DCBE291B6EC200A8FD87 /* Products */ = {
			isa = PBXGroup;
			children = (
				9222DCBD291B6EC200A8FD87 /* MapKitWithSwiftUI.app */,
			);
			name = Products;
			sourceTree = "<group>";
		};
		9222DCBF291B6EC200A8FD87 /* MapKitWithSwiftUI */ = {
			isa = PBXGroup;
			children = (
				9222DCC0291B6EC200A8FD87 /* MapKitWithSwiftUIApp.swift */,
				9222DCC2291B6EC200A8FD87 /* ContentView.swift */,
				92998CD8291D276C00B44B57 /* FindTextFieldWithButtonsView.swift */,
				92998CD6291D058400B44B57 /* FindingAddressTextFieldView.swift */,
				92998CD2291CFA3400B44B57 /* StartAndEndPointsView.swift */,
				92998CDA291D2C1600B44B57 /* FoundedItemsListView.swift */,
				92C01F2A291C054C00B3FA12 /* MapView.swift */,
				92998CD5291CFBDE00B44B57 /* Sourcess */,
				92998CD4291CFB0300B44B57 /* Managers */,
				9222DCC6291B6EC400A8FD87 /* Preview Content */,
			);
			path = MapKitWithSwiftUI;
			sourceTree = "<group>";
		};
		9222DCC6291B6EC400A8FD87 /* Preview Content */ = {
			isa = PBXGroup;
			children = (
				9222DCC7291B6EC400A8FD87 /* Preview Assets.xcassets */,
			);
			path = "Preview Content";
			sourceTree = "<group>";
		};
		92998CD4291CFB0300B44B57 /* Managers */ = {
			isa = PBXGroup;
			children = (
				92C01F2C291C05F500B3FA12 /* CoordinateGetHelper.swift */,
			);
			path = Managers;
			sourceTree = "<group>";
		};
		92998CD5291CFBDE00B44B57 /* Sourcess */ = {
			isa = PBXGroup;
			children = (
				9222DCC4291B6EC400A8FD87 /* Assets.xcassets */,
			);
			path = Sourcess;
			sourceTree = "<group>";
		};
/* End PBXGroup section */

/* Begin PBXNativeTarget section */
		9222DCBC291B6EC200A8FD87 /* MapKitWithSwiftUI */ = {
			isa = PBXNativeTarget;
			buildConfigurationList = 9222DCCB291B6EC400A8FD87 /* Build configuration list for PBXNativeTarget "MapKitWithSwiftUI" */;
			buildPhases = (
				9222DCB9291B6EC200A8FD87 /* Sources */,
				9222DCBA291B6EC200A8FD87 /* Frameworks */,
				9222DCBB291B6EC200A8FD87 /* Resources */,
			);
			buildRules = (
			);
			dependencies = (
			);
			name = MapKitWithSwiftUI;
			productName = MapKitWithSwiftUI;
			productReference = 9222DCBD291B6EC200A8FD87 /* MapKitWithSwiftUI.app */;
			productType = "com.apple.product-type.application";
		};
/* End PBXNativeTarget section */

/* Begin PBXProject section */
		9222DCB5291B6EC200A8FD87 /* Project object */ = {
			isa = PBXProject;
			attributes = {
				BuildIndependentTargetsInParallel = 1;
				LastSwiftUpdateCheck = 1400;
				LastUpgradeCheck = 1400;
				TargetAttributes = {
					9222DCBC291B6EC200A8FD87 = {
						CreatedOnToolsVersion = 14.0.1;
					};
				};
			};
			buildConfigurationList = 9222DCB8291B6EC200A8FD87 /* Build configuration list for PBXProject "MapKitWithSwiftUI" */;
			compatibilityVersion = "Xcode 14.0";
			developmentRegion = en;
			hasScannedForEncodings = 0;
			knownRegions = (
				en,
				Base,
			);
			mainGroup = 9222DCB4291B6EC200A8FD87;
			productRefGroup = 9222DCBE291B6EC200A8FD87 /* Products */;
			projectDirPath = "";
			projectRoot = "";
			targets = (
				9222DCBC291B6EC200A8FD87 /* MapKitWithSwiftUI */,
			);
		};
/* End PBXProject section */

/* Begin PBXResourcesBuildPhase section */
		9222DCBB291B6EC200A8FD87 /* Resources */ = {
			isa = PBXResourcesBuildPhase;
			buildActionMask = 2147483647;
			files = (
				9222DCC8291B6EC400A8FD87 /* Preview Assets.xcassets in Resources */,
				9222DCC5291B6EC400A8FD87 /* Assets.xcassets in Resources */,
			);
			runOnlyForDeploymentPostprocessing = 0;
		};
/* End PBXResourcesBuildPhase section */

/* Begin PBXSourcesBuildPhase section */
		9222DCB9291B6EC200A8FD87 /* Sources */ = {
			isa = PBXSourcesBuildPhase;
			buildActionMask = 2147483647;
			files = (
				92C01F2D291C05F500B3FA12 /* CoordinateGetHelper.swift in Sources */,
				92998CD9291D276C00B44B57 /* FindTextFieldWithButtonsView.swift in Sources */,
				9222DCC3291B6EC200A8FD87 /* ContentView.swift in Sources */,
				92998CDB291D2C1600B44B57 /* FoundedItemsListView.swift in Sources */,
				92C01F2B291C054C00B3FA12 /* MapView.swift in Sources */,
				9222DCC1291B6EC200A8FD87 /* MapKitWithSwiftUIApp.swift in Sources */,
				92998CD3291CFA3400B44B57 /* StartAndEndPointsView.swift in Sources */,
				92998CD7291D058400B44B57 /* FindingAddressTextFieldView.swift in Sources */,
			);
			runOnlyForDeploymentPostprocessing = 0;
		};
/* End PBXSourcesBuildPhase section */

/* Begin XCBuildConfiguration section */
		9222DCC9291B6EC400A8FD87 /* Debug */ = {
			isa = XCBuildConfiguration;
			buildSettings = {
				ALWAYS_SEARCH_USER_PATHS = NO;
				CLANG_ANALYZER_NONNULL = YES;
				CLANG_ANALYZER_NUMBER_OBJECT_CONVERSION = YES_AGGRESSIVE;
				CLANG_CXX_LANGUAGE_STANDARD = "gnu++20";
				CLANG_ENABLE_MODULES = YES;
				CLANG_ENABLE_OBJC_ARC = YES;
				CLANG_ENABLE_OBJC_WEAK = YES;
				CLANG_WARN_BLOCK_CAPTURE_AUTORELEASING = YES;
				CLANG_WARN_BOOL_CONVERSION = YES;
				CLANG_WARN_COMMA = YES;
				CLANG_WARN_CONSTANT_CONVERSION = YES;
				CLANG_WARN_DEPRECATED_OBJC_IMPLEMENTATIONS = YES;
				CLANG_WARN_DIRECT_OBJC_ISA_USAGE = YES_ERROR;
				CLANG_WARN_DOCUMENTATION_COMMENTS = YES;
				CLANG_WARN_EMPTY_BODY = YES;
				CLANG_WARN_ENUM_CONVERSION = YES;
				CLANG_WARN_INFINITE_RECURSION = YES;
				CLANG_WARN_INT_CONVERSION = YES;
				CLANG_WARN_NON_LITERAL_NULL_CONVERSION = YES;
				CLANG_WARN_OBJC_IMPLICIT_RETAIN_SELF = YES;
				CLANG_WARN_OBJC_LITERAL_CONVERSION = YES;
				CLANG_WARN_OBJC_ROOT_CLASS = YES_ERROR;
				CLANG_WARN_QUOTED_INCLUDE_IN_FRAMEWORK_HEADER = YES;
				CLANG_WARN_RANGE_LOOP_ANALYSIS = YES;
				CLANG_WARN_STRICT_PROTOTYPES = YES;
				CLANG_WARN_SUSPICIOUS_MOVE = YES;
				CLANG_WARN_UNGUARDED_AVAILABILITY = YES_AGGRESSIVE;
				CLANG_WARN_UNREACHABLE_CODE = YES;
				CLANG_WARN__DUPLICATE_METHOD_MATCH = YES;
				COPY_PHASE_STRIP = NO;
				DEBUG_INFORMATION_FORMAT = dwarf;
				ENABLE_STRICT_OBJC_MSGSEND = YES;
				ENABLE_TESTABILITY = YES;
				GCC_C_LANGUAGE_STANDARD = gnu11;
				GCC_DYNAMIC_NO_PIC = NO;
				GCC_NO_COMMON_BLOCKS = YES;
				GCC_OPTIMIZATION_LEVEL = 0;
				GCC_PREPROCESSOR_DEFINITIONS = (
					"DEBUG=1",
					"$(inherited)",
				);
				GCC_WARN_64_TO_32_BIT_CONVERSION = YES;
				GCC_WARN_ABOUT_RETURN_TYPE = YES_ERROR;
				GCC_WARN_UNDECLARED_SELECTOR = YES;
				GCC_WARN_UNINITIALIZED_AUTOS = YES_AGGRESSIVE;
				GCC_WARN_UNUSED_FUNCTION = YES;
				GCC_WARN_UNUSED_VARIABLE = YES;
				IPHONEOS_DEPLOYMENT_TARGET = 16.0;
				MTL_ENABLE_DEBUG_INFO = INCLUDE_SOURCE;
				MTL_FAST_MATH = YES;
				ONLY_ACTIVE_ARCH = YES;
				SDKROOT = iphoneos;
				SWIFT_ACTIVE_COMPILATION_CONDITIONS = DEBUG;
				SWIFT_OPTIMIZATION_LEVEL = "-Onone";
			};
			name = Debug;
		};
		9222DCCA291B6EC400A8FD87 /* Release */ = {
			isa = XCBuildConfiguration;
			buildSettings = {
				ALWAYS_SEARCH_USER_PATHS = NO;
				CLANG_ANALYZER_NONNULL = YES;
				CLANG_ANALYZER_NUMBER_OBJECT_CONVERSION = YES_AGGRESSIVE;
				CLANG_CXX_LANGUAGE_STANDARD = "gnu++20";
				CLANG_ENABLE_MODULES = YES;
				CLANG_ENABLE_OBJC_ARC = YES;
				CLANG_ENABLE_OBJC_WEAK = YES;
				CLANG_WARN_BLOCK_CAPTURE_AUTORELEASING = YES;
				CLANG_WARN_BOOL_CONVERSION = YES;
				CLANG_WARN_COMMA = YES;
				CLANG_WARN_CONSTANT_CONVERSION = YES;
				CLANG_WARN_DEPRECATED_OBJC_IMPLEMENTATIONS = YES;
				CLANG_WARN_DIRECT_OBJC_ISA_USAGE = YES_ERROR;
				CLANG_WARN_DOCUMENTATION_COMMENTS = YES;
				CLANG_WARN_EMPTY_BODY = YES;
				CLANG_WARN_ENUM_CONVERSION = YES;
				CLANG_WARN_INFINITE_RECURSION = YES;
				CLANG_WARN_INT_CONVERSION = YES;
				CLANG_WARN_NON_LITERAL_NULL_CONVERSION = YES;
				CLANG_WARN_OBJC_IMPLICIT_RETAIN_SELF = YES;
				CLANG_WARN_OBJC_LITERAL_CONVERSION = YES;
				CLANG_WARN_OBJC_ROOT_CLASS = YES_ERROR;
				CLANG_WARN_QUOTED_INCLUDE_IN_FRAMEWORK_HEADER = YES;
				CLANG_WARN_RANGE_LOOP_ANALYSIS = YES;
				CLANG_WARN_STRICT_PROTOTYPES = YES;
				CLANG_WARN_SUSPICIOUS_MOVE = YES;
				CLANG_WARN_UNGUARDED_AVAILABILITY = YES_AGGRESSIVE;
				CLANG_WARN_UNREACHABLE_CODE = YES;
				CLANG_WARN__DUPLICATE_METHOD_MATCH = YES;
				COPY_PHASE_STRIP = NO;
				DEBUG_INFORMATION_FORMAT = "dwarf-with-dsym";
				ENABLE_NS_ASSERTIONS = NO;
				ENABLE_STRICT_OBJC_MSGSEND = YES;
				GCC_C_LANGUAGE_STANDARD = gnu11;
				GCC_NO_COMMON_BLOCKS = YES;
				GCC_WARN_64_TO_32_BIT_CONVERSION = YES;
				GCC_WARN_ABOUT_RETURN_TYPE = YES_ERROR;
				GCC_WARN_UNDECLARED_SELECTOR = YES;
				GCC_WARN_UNINITIALIZED_AUTOS = YES_AGGRESSIVE;
				GCC_WARN_UNUSED_FUNCTION = YES;
				GCC_WARN_UNUSED_VARIABLE = YES;
				IPHONEOS_DEPLOYMENT_TARGET = 16.0;
				MTL_ENABLE_DEBUG_INFO = NO;
				MTL_FAST_MATH = YES;
				SDKROOT = iphoneos;
				SWIFT_COMPILATION_MODE = wholemodule;
				SWIFT_OPTIMIZATION_LEVEL = "-O";
				VALIDATE_PRODUCT = YES;
			};
			name = Release;
		};
		9222DCCC291B6EC400A8FD87 /* Debug */ = {
			isa = XCBuildConfiguration;
			buildSettings = {
				ASSETCATALOG_COMPILER_APPICON_NAME = AppIcon;
				ASSETCATALOG_COMPILER_GLOBAL_ACCENT_COLOR_NAME = AccentColor;
				CODE_SIGN_STYLE = Automatic;
				CURRENT_PROJECT_VERSION = 1;
				DEVELOPMENT_ASSET_PATHS = "\"MapKitWithSwiftUI/Preview Content\"";
				DEVELOPMENT_TEAM = B9UD5PWR3N;
				ENABLE_PREVIEWS = YES;
				GENERATE_INFOPLIST_FILE = YES;
				INFOPLIST_KEY_UIApplicationSceneManifest_Generation = YES;
				INFOPLIST_KEY_UIApplicationSupportsIndirectInputEvents = YES;
				INFOPLIST_KEY_UILaunchScreen_Generation = YES;
				INFOPLIST_KEY_UISupportedInterfaceOrientations = UIInterfaceOrientationPortrait;
				INFOPLIST_KEY_UISupportedInterfaceOrientations_iPad = "UIInterfaceOrientationLandscapeLeft UIInterfaceOrientationLandscapeRight UIInterfaceOrientationPortrait UIInterfaceOrientationPortraitUpsideDown";
				IPHONEOS_DEPLOYMENT_TARGET = 15.0;
				LD_RUNPATH_SEARCH_PATHS = (
					"$(inherited)",
					"@executable_path/Frameworks",
				);
				MARKETING_VERSION = 1.0;
				PRODUCT_BUNDLE_IDENTIFIER = ru.fsbisan.MapKitWithSwiftUI;
				PRODUCT_NAME = "$(TARGET_NAME)";
				SUPPORTED_PLATFORMS = "iphoneos iphonesimulator";
				SUPPORTS_MACCATALYST = NO;
				SUPPORTS_MAC_DESIGNED_FOR_IPHONE_IPAD = NO;
				SWIFT_EMIT_LOC_STRINGS = YES;
				SWIFT_VERSION = 5.0;
				TARGETED_DEVICE_FAMILY = 1;
			};
			name = Debug;
		};
		9222DCCD291B6EC400A8FD87 /* Release */ = {
			isa = XCBuildConfiguration;
			buildSettings = {
				ASSETCATALOG_COMPILER_APPICON_NAME = AppIcon;
				ASSETCATALOG_COMPILER_GLOBAL_ACCENT_COLOR_NAME = AccentColor;
				CODE_SIGN_STYLE = Automatic;
				CURRENT_PROJECT_VERSION = 1;
				DEVELOPMENT_ASSET_PATHS = "\"MapKitWithSwiftUI/Preview Content\"";
				DEVELOPMENT_TEAM = B9UD5PWR3N;
				ENABLE_PREVIEWS = YES;
				GENERATE_INFOPLIST_FILE = YES;
				INFOPLIST_KEY_UIApplicationSceneManifest_Generation = YES;
				INFOPLIST_KEY_UIApplicationSupportsIndirectInputEvents = YES;
				INFOPLIST_KEY_UILaunchScreen_Generation = YES;
				INFOPLIST_KEY_UISupportedInterfaceOrientations = UIInterfaceOrientationPortrait;
				INFOPLIST_KEY_UISupportedInterfaceOrientations_iPad = "UIInterfaceOrientationLandscapeLeft UIInterfaceOrientationLandscapeRight UIInterfaceOrientationPortrait UIInterfaceOrientationPortraitUpsideDown";
				IPHONEOS_DEPLOYMENT_TARGET = 15.0;
				LD_RUNPATH_SEARCH_PATHS = (
					"$(inherited)",
					"@executable_path/Frameworks",
				);
				MARKETING_VERSION = 1.0;
				PRODUCT_BUNDLE_IDENTIFIER = ru.fsbisan.MapKitWithSwiftUI;
				PRODUCT_NAME = "$(TARGET_NAME)";
				SUPPORTED_PLATFORMS = "iphoneos iphonesimulator";
				SUPPORTS_MACCATALYST = NO;
				SUPPORTS_MAC_DESIGNED_FOR_IPHONE_IPAD = NO;
				SWIFT_EMIT_LOC_STRINGS = YES;
				SWIFT_VERSION = 5.0;
				TARGETED_DEVICE_FAMILY = 1;
			};
			name = Release;
		};
/* End XCBuildConfiguration section */

/* Begin XCConfigurationList section */
		9222DCB8291B6EC200A8FD87 /* Build configuration list for PBXProject "MapKitWithSwiftUI" */ = {
			isa = XCConfigurationList;
			buildConfigurations = (
				9222DCC9291B6EC400A8FD87 /* Debug */,
				9222DCCA291B6EC400A8FD87 /* Release */,
			);
			defaultConfigurationIsVisible = 0;
			defaultConfigurationName = Release;
		};
		9222DCCB291B6EC400A8FD87 /* Build configuration list for PBXNativeTarget "MapKitWithSwiftUI" */ = {
			isa = XCConfigurationList;
			buildConfigurations = (
				9222DCCC291B6EC400A8FD87 /* Debug */,
				9222DCCD291B6EC400A8FD87 /* Release */,
			);
			defaultConfigurationIsVisible = 0;
			defaultConfigurationName = Release;
		};
/* End XCConfigurationList section */
	};
	rootObject = 9222DCB5291B6EC200A8FD87 /* Project object */;
}
